
Microsoft Visual Studio Solution File, Format Version 12.00
Project("{FAE04EC0-301F-11D3-BF4B-00C04F79EFBC}") = "paperframe-server", "paperframe-server.csproj", "{EB0DE58F-9692-4434-A914-B570EEE17509}"
EndProject
Project("{FAE04EC0-301F-11D3-BF4B-00C04F79EFBC}") = "paperframe-server.Tests", "..\paperframe-server.Tests\paperframe-server.Tests.csproj", "{8092D256-3136-4F4B-B712-69B5175CEFAF}"
EndProject
Global
	GlobalSection(SolutionConfigurationPlatforms) = preSolution
		Debug|Any CPU = Debug|Any CPU
		Debug|x64 = Debug|x64
		Debug|x86 = Debug|x86
		Release|Any CPU = Release|Any CPU
		Release|x64 = Release|x64
		Release|x86 = Release|x86
	EndGlobalSection
	GlobalSection(ProjectConfigurationPlatforms) = postSolution
		{EB0DE58F-9692-4434-A914-B570EEE17509}.Debug|Any CPU.ActiveCfg = Debug|Any CPU
		{EB0DE58F-9692-4434-A914-B570EEE17509}.Debug|Any CPU.Build.0 = Debug|Any CPU
		{EB0DE58F-9692-4434-A914-B570EEE17509}.Debug|x64.ActiveCfg = Debug|Any CPU
		{EB0DE58F-9692-4434-A914-B570EEE17509}.Debug|x64.Build.0 = Debug|Any CPU
		{EB0DE58F-9692-4434-A914-B570EEE17509}.Debug|x86.ActiveCfg = Debug|Any CPU
		{EB0DE58F-9692-4434-A914-B570EEE17509}.Debug|x86.Build.0 = Debug|Any CPU
		{EB0DE58F-9692-4434-A914-B570EEE17509}.Release|Any CPU.ActiveCfg = Release|Any CPU
		{EB0DE58F-9692-4434-A914-B570EEE17509}.Release|Any CPU.Build.0 = Release|Any CPU
		{EB0DE58F-9692-4434-A914-B570EEE17509}.Release|x64.ActiveCfg = Release|Any CPU
		{EB0DE58F-9692-4434-A914-B570EEE17509}.Release|x64.Build.0 = Release|Any CPU
		{EB0DE58F-9692-4434-A914-B570EEE17509}.Release|x86.ActiveCfg = Release|Any CPU
		{EB0DE58F-9692-4434-A914-B570EEE17509}.Release|x86.Build.0 = Release|Any CPU
		{8092D256-3136-4F4B-B712-69B5175CEFAF}.Debug|Any CPU.ActiveCfg = Debug|Any CPU
		{8092D256-3136-4F4B-B712-69B5175CEFAF}.Debug|Any CPU.Build.0 = Debug|Any CPU
		{8092D256-3136-4F4B-B712-69B5175CEFAF}.Debug|x64.ActiveCfg = Debug|Any CPU
		{8092D256-3136-4F4B-B712-69B5175CEFAF}.Debug|x64.Build.0 = Debug|Any CPU
		{8092D256-3136-4F4B-B712-69B5175CEFAF}.Debug|x86.ActiveCfg = Debug|Any CPU
		{8092D256-3136-4F4B-B712-69B5175CEFAF}.Debug|x86.Build.0 = Debug|Any CPU
		{8092D256-3136-4F4B-B712-69B5175CEFAF}.Release|Any CPU.ActiveCfg = Release|Any CPU
		{8092D256-3136-4F4B-B712-69B5175CEFAF}.Release|Any CPU.Build.0 = Release|Any CPU
		{8092D256-3136-4F4B-B712-69B5175CEFAF}.Release|x64.ActiveCfg = Release|Any CPU
		{8092D256-3136-4F4B-B712-69B5175CEFAF}.Release|x64.Build.0 = Release|Any CPU
		{8092D256-3136-4F4B-B712-69B5175CEFAF}.Release|x86.ActiveCfg = Release|Any CPU
		{8092D256-3136-4F4B-B712-69B5175CEFAF}.Release|x86.Build.0 = Release|Any CPU
	EndGlobalSection
	GlobalSection(SolutionProperties) = preSolution
		HideSolutionNode = FALSE
	EndGlobalSection
EndGlobal
